
Microsoft Visual Studio Solution File, Format Version 12.00
# Visual Studio Version 17
VisualStudioVersion = 17.14.36121.58 d17.14
MinimumVisualStudioVersion = 10.0.40219.1
Project("{FAE04EC0-301F-11D3-BF4B-00C04F79EFBC}") = "Advent of Code 2025", "Advent of Code 2025\Advent of Code 2025.csproj", "{8D7101E8-952D-489E-BBD4-D4D3243B7AFD}"
EndProject
Global
	GlobalSection(SolutionConfigurationPlatforms) = preSolution
		Debug|Any CPU = Debug|Any CPU
		Release|Any CPU = Release|Any CPU
	EndGlobalSection
	GlobalSection(ProjectConfigurationPlatforms) = postSolution
		{8D7101E8-952D-489E-BBD4-D4D3243B7AFD}.Debug|Any CPU.ActiveCfg = Debug|Any CPU
		{8D7101E8-952D-489E-BBD4-D4D3243B7AFD}.Debug|Any CPU.Build.0 = Debug|Any CPU
		{8D7101E8-952D-489E-BBD4-D4D3243B7AFD}.Release|Any CPU.ActiveCfg = Release|Any CPU
		{8D7101E8-952D-489E-BBD4-D4D3243B7AFD}.Release|Any CPU.Build.0 = Release|Any CPU
	EndGlobalSection
	GlobalSection(SolutionProperties) = preSolution
		HideSolutionNode = FALSE
	EndGlobalSection
	GlobalSection(ExtensibilityGlobals) = postSolution
		SolutionGuid = {E6F22E24-C6CC-4B17-B0D4-87246F6220D5}
	EndGlobalSection
EndGlobal
